
Microsoft Visual Studio Solution File, Format Version 12.00
# Visual Studio 15
VisualStudioVersion = 15.0.26124.0
MinimumVisualStudioVersion = 15.0.26124.0
Project("{FAE04EC0-301F-11D3-BF4B-00C04F79EFBC}") = "application", "Api.Application\application.csproj", "{45DF6D97-A9F5-4915-9DF7-76FDD7A59E48}"
EndProject
Project("{FAE04EC0-301F-11D3-BF4B-00C04F79EFBC}") = "Domain", "Api.Domain\Domain.csproj", "{1D92D701-AD7C-426D-9219-344615DC4AC2}"
EndProject
Project("{FAE04EC0-301F-11D3-BF4B-00C04F79EFBC}") = "CrossCutting", "Api.CrossCutting\CrossCutting.csproj", "{AAEB1D91-DA4C-471F-9A68-533C50E5684A}"
EndProject
Project("{FAE04EC0-301F-11D3-BF4B-00C04F79EFBC}") = "Data", "Api.Data\Data.csproj", "{C3A28495-D6A4-429C-9AE9-9DE50F7406FD}"
EndProject
Global
	GlobalSection(SolutionConfigurationPlatforms) = preSolution
		Debug|Any CPU = Debug|Any CPU
		Debug|x64 = Debug|x64
		Debug|x86 = Debug|x86
		Release|Any CPU = Release|Any CPU
		Release|x64 = Release|x64
		Release|x86 = Release|x86
	EndGlobalSection
	GlobalSection(SolutionProperties) = preSolution
		HideSolutionNode = FALSE
	EndGlobalSection
	GlobalSection(ProjectConfigurationPlatforms) = postSolution
		{45DF6D97-A9F5-4915-9DF7-76FDD7A59E48}.Debug|Any CPU.ActiveCfg = Debug|Any CPU
		{45DF6D97-A9F5-4915-9DF7-76FDD7A59E48}.Debug|Any CPU.Build.0 = Debug|Any CPU
		{45DF6D97-A9F5-4915-9DF7-76FDD7A59E48}.Debug|x64.ActiveCfg = Debug|Any CPU
		{45DF6D97-A9F5-4915-9DF7-76FDD7A59E48}.Debug|x64.Build.0 = Debug|Any CPU
		{45DF6D97-A9F5-4915-9DF7-76FDD7A59E48}.Debug|x86.ActiveCfg = Debug|Any CPU
		{45DF6D97-A9F5-4915-9DF7-76FDD7A59E48}.Debug|x86.Build.0 = Debug|Any CPU
		{45DF6D97-A9F5-4915-9DF7-76FDD7A59E48}.Release|Any CPU.ActiveCfg = Release|Any CPU
		{45DF6D97-A9F5-4915-9DF7-76FDD7A59E48}.Release|Any CPU.Build.0 = Release|Any CPU
		{45DF6D97-A9F5-4915-9DF7-76FDD7A59E48}.Release|x64.ActiveCfg = Release|Any CPU
		{45DF6D97-A9F5-4915-9DF7-76FDD7A59E48}.Release|x64.Build.0 = Release|Any CPU
		{45DF6D97-A9F5-4915-9DF7-76FDD7A59E48}.Release|x86.ActiveCfg = Release|Any CPU
		{45DF6D97-A9F5-4915-9DF7-76FDD7A59E48}.Release|x86.Build.0 = Release|Any CPU
		{1D92D701-AD7C-426D-9219-344615DC4AC2}.Debug|Any CPU.ActiveCfg = Debug|Any CPU
		{1D92D701-AD7C-426D-9219-344615DC4AC2}.Debug|Any CPU.Build.0 = Debug|Any CPU
		{1D92D701-AD7C-426D-9219-344615DC4AC2}.Debug|x64.ActiveCfg = Debug|Any CPU
		{1D92D701-AD7C-426D-9219-344615DC4AC2}.Debug|x64.Build.0 = Debug|Any CPU
		{1D92D701-AD7C-426D-9219-344615DC4AC2}.Debug|x86.ActiveCfg = Debug|Any CPU
		{1D92D701-AD7C-426D-9219-344615DC4AC2}.Debug|x86.Build.0 = Debug|Any CPU
		{1D92D701-AD7C-426D-9219-344615DC4AC2}.Release|Any CPU.ActiveCfg = Release|Any CPU
		{1D92D701-AD7C-426D-9219-344615DC4AC2}.Release|Any CPU.Build.0 = Release|Any CPU
		{1D92D701-AD7C-426D-9219-344615DC4AC2}.Release|x64.ActiveCfg = Release|Any CPU
		{1D92D701-AD7C-426D-9219-344615DC4AC2}.Release|x64.Build.0 = Release|Any CPU
		{1D92D701-AD7C-426D-9219-344615DC4AC2}.Release|x86.ActiveCfg = Release|Any CPU
		{1D92D701-AD7C-426D-9219-344615DC4AC2}.Release|x86.Build.0 = Release|Any CPU
		{AAEB1D91-DA4C-471F-9A68-533C50E5684A}.Debug|Any CPU.ActiveCfg = Debug|Any CPU
		{AAEB1D91-DA4C-471F-9A68-533C50E5684A}.Debug|Any CPU.Build.0 = Debug|Any CPU
		{AAEB1D91-DA4C-471F-9A68-533C50E5684A}.Debug|x64.ActiveCfg = Debug|Any CPU
		{AAEB1D91-DA4C-471F-9A68-533C50E5684A}.Debug|x64.Build.0 = Debug|Any CPU
		{AAEB1D91-DA4C-471F-9A68-533C50E5684A}.Debug|x86.ActiveCfg = Debug|Any CPU
		{AAEB1D91-DA4C-471F-9A68-533C50E5684A}.Debug|x86.Build.0 = Debug|Any CPU
		{AAEB1D91-DA4C-471F-9A68-533C50E5684A}.Release|Any CPU.ActiveCfg = Release|Any CPU
		{AAEB1D91-DA4C-471F-9A68-533C50E5684A}.Release|Any CPU.Build.0 = Release|Any CPU
		{AAEB1D91-DA4C-471F-9A68-533C50E5684A}.Release|x64.ActiveCfg = Release|Any CPU
		{AAEB1D91-DA4C-471F-9A68-533C50E5684A}.Release|x64.Build.0 = Release|Any CPU
		{AAEB1D91-DA4C-471F-9A68-533C50E5684A}.Release|x86.ActiveCfg = Release|Any CPU
		{AAEB1D91-DA4C-471F-9A68-533C50E5684A}.Release|x86.Build.0 = Release|Any CPU
		{C3A28495-D6A4-429C-9AE9-9DE50F7406FD}.Debug|Any CPU.ActiveCfg = Debug|Any CPU
		{C3A28495-D6A4-429C-9AE9-9DE50F7406FD}.Debug|Any CPU.Build.0 = Debug|Any CPU
		{C3A28495-D6A4-429C-9AE9-9DE50F7406FD}.Debug|x64.ActiveCfg = Debug|Any CPU
		{C3A28495-D6A4-429C-9AE9-9DE50F7406FD}.Debug|x64.Build.0 = Debug|Any CPU
		{C3A28495-D6A4-429C-9AE9-9DE50F7406FD}.Debug|x86.ActiveCfg = Debug|Any CPU
		{C3A28495-D6A4-429C-9AE9-9DE50F7406FD}.Debug|x86.Build.0 = Debug|Any CPU
		{C3A28495-D6A4-429C-9AE9-9DE50F7406FD}.Release|Any CPU.ActiveCfg = Release|Any CPU
		{C3A28495-D6A4-429C-9AE9-9DE50F7406FD}.Release|Any CPU.Build.0 = Release|Any CPU
		{C3A28495-D6A4-429C-9AE9-9DE50F7406FD}.Release|x64.ActiveCfg = Release|Any CPU
		{C3A28495-D6A4-429C-9AE9-9DE50F7406FD}.Release|x64.Build.0 = Release|Any CPU
		{C3A28495-D6A4-429C-9AE9-9DE50F7406FD}.Release|x86.ActiveCfg = Release|Any CPU
		{C3A28495-D6A4-429C-9AE9-9DE50F7406FD}.Release|x86.Build.0 = Release|Any CPU
	EndGlobalSection
EndGlobal
